{
  "name": "feathers-mq",
  "version": "1.0.0",
  "lockfileVersion": 1,
  "requires": true,
  "dependencies": {
    "@feathersjs/errors": {
      "version": "3.3.0",
      "resolved": "https://registry.npmjs.org/@feathersjs/errors/-/errors-3.3.0.tgz",
      "integrity": "sha512-9oYAhAj4CKIix5KITRDEzvyNJNIaqNde5lGqmrQLw4pTuyWMvx9tgBhtXPA0l8lS1KnMKw4Qf1gHo6aKrM+OyQ==",
      "requires": {
        "debug": "^3.1.0"
      }
    },
    "debug": {
      "version": "3.1.0",
      "resolved": "https://registry.npmjs.org/debug/-/debug-3.1.0.tgz",
      "integrity": "sha512-OX8XqP7/1a9cqkxYw2yXss15f26NKWBpDXQd0/uK/KPqdQhxbPa994hnzjcE2VqQpDslf55723cKPUOGSmMY3g==",
      "requires": {
        "ms": "2.0.0"
      }
    },
    "ms": {
      "version": "2.0.0",
      "resolved": "https://registry.npmjs.org/ms/-/ms-2.0.0.tgz",
      "integrity": "sha1-VgiurfwAvmwpAd9fmGF4jeDVl8g="
    },
    "nats": {
      "version": "0.8.10",
      "resolved": "https://registry.npmjs.org/nats/-/nats-0.8.10.tgz",
      "integrity": "sha512-0aCDCjDbSzmesiHfMG5WEMDurip1mMOdJ2zDTztuKp0RizDcu4u82azvr7NPJvqx9NmBxF1wAlacuHZlMcCRHQ==",
      "requires": {
        "nuid": "^0.6.14"
      }
    },
    "nuid": {
      "version": "0.6.14",
      "resolved": "https://registry.npmjs.org/nuid/-/nuid-0.6.14.tgz",
      "integrity": "sha1-oiXItyDkbFY62NE2QTaGafbCW0g="
    }
  }
}
